
Microsoft Visual Studio Solution File, Format Version 12.00
# Visual Studio Version 17
VisualStudioVersion = 17.13.35818.85 d17.13
MinimumVisualStudioVersion = 10.0.40219.1
Project("{FAE04EC0-301F-11D3-BF4B-00C04F79EFBC}") = "asssignemnetcasting", "asssignemnetcasting.csproj", "{BFAB6E23-22CF-4523-92F0-18DA5C2B2E3E}"
EndProject
Project("{FAE04EC0-301F-11D3-BF4B-00C04F79EFBC}") = "ClassLibrary3", "..\ClassLibrary3\ClassLibrary3.csproj", "{C3BAB64D-FCF4-41E7-BD9E-4052FEBF0B8B}"
EndProject
Global
	GlobalSection(SolutionConfigurationPlatforms) = preSolution
		Debug|Any CPU = Debug|Any CPU
		Release|Any CPU = Release|Any CPU
	EndGlobalSection
	GlobalSection(ProjectConfigurationPlatforms) = postSolution
		{BFAB6E23-22CF-4523-92F0-18DA5C2B2E3E}.Debug|Any CPU.ActiveCfg = Debug|Any CPU
		{BFAB6E23-22CF-4523-92F0-18DA5C2B2E3E}.Debug|Any CPU.Build.0 = Debug|Any CPU
		{BFAB6E23-22CF-4523-92F0-18DA5C2B2E3E}.Release|Any CPU.ActiveCfg = Release|Any CPU
		{BFAB6E23-22CF-4523-92F0-18DA5C2B2E3E}.Release|Any CPU.Build.0 = Release|Any CPU
		{C3BAB64D-FCF4-41E7-BD9E-4052FEBF0B8B}.Debug|Any CPU.ActiveCfg = Debug|Any CPU
		{C3BAB64D-FCF4-41E7-BD9E-4052FEBF0B8B}.Debug|Any CPU.Build.0 = Debug|Any CPU
		{C3BAB64D-FCF4-41E7-BD9E-4052FEBF0B8B}.Release|Any CPU.ActiveCfg = Release|Any CPU
		{C3BAB64D-FCF4-41E7-BD9E-4052FEBF0B8B}.Release|Any CPU.Build.0 = Release|Any CPU
	EndGlobalSection
	GlobalSection(SolutionProperties) = preSolution
		HideSolutionNode = FALSE
	EndGlobalSection
	GlobalSection(ExtensibilityGlobals) = postSolution
		SolutionGuid = {C344D2C1-C113-4E9E-ACA4-546B6E5ECE05}
	EndGlobalSection
EndGlobal
