
Microsoft Visual Studio Solution File, Format Version 12.00
# Visual Studio Version 17
VisualStudioVersion = 17.13.35818.85 d17.13
MinimumVisualStudioVersion = 10.0.40219.1
Project("{FAE04EC0-301F-11D3-BF4B-00C04F79EFBC}") = "AssignmentAccessModifier", "AssignmentAccessModifier.csproj", "{44A4151D-B4E5-4FCD-B587-621EE63ED8FB}"
EndProject
Global
	GlobalSection(SolutionConfigurationPlatforms) = preSolution
		Debug|Any CPU = Debug|Any CPU
		Release|Any CPU = Release|Any CPU
	EndGlobalSection
	GlobalSection(ProjectConfigurationPlatforms) = postSolution
		{44A4151D-B4E5-4FCD-B587-621EE63ED8FB}.Debug|Any CPU.ActiveCfg = Debug|Any CPU
		{44A4151D-B4E5-4FCD-B587-621EE63ED8FB}.Debug|Any CPU.Build.0 = Debug|Any CPU
		{44A4151D-B4E5-4FCD-B587-621EE63ED8FB}.Release|Any CPU.ActiveCfg = Release|Any CPU
		{44A4151D-B4E5-4FCD-B587-621EE63ED8FB}.Release|Any CPU.Build.0 = Release|Any CPU
	EndGlobalSection
	GlobalSection(SolutionProperties) = preSolution
		HideSolutionNode = FALSE
	EndGlobalSection
	GlobalSection(ExtensibilityGlobals) = postSolution
		SolutionGuid = {46C1562A-E7C4-4615-B5DA-9888F538FD70}
	EndGlobalSection
EndGlobal
