
Microsoft Visual Studio Solution File, Format Version 12.00
# Visual Studio Version 17
VisualStudioVersion = 17.13.35818.85 d17.13
MinimumVisualStudioVersion = 10.0.40219.1
Project("{FAE04EC0-301F-11D3-BF4B-00C04F79EFBC}") = "WebApplicationpractice", "WebApplicationpractice.csproj", "{FE96E3EC-1757-4FA5-9555-DC8888BE5B76}"
EndProject
Global
	GlobalSection(SolutionConfigurationPlatforms) = preSolution
		Debug|Any CPU = Debug|Any CPU
		Release|Any CPU = Release|Any CPU
	EndGlobalSection
	GlobalSection(ProjectConfigurationPlatforms) = postSolution
		{FE96E3EC-1757-4FA5-9555-DC8888BE5B76}.Debug|Any CPU.ActiveCfg = Debug|Any CPU
		{FE96E3EC-1757-4FA5-9555-DC8888BE5B76}.Debug|Any CPU.Build.0 = Debug|Any CPU
		{FE96E3EC-1757-4FA5-9555-DC8888BE5B76}.Release|Any CPU.ActiveCfg = Release|Any CPU
		{FE96E3EC-1757-4FA5-9555-DC8888BE5B76}.Release|Any CPU.Build.0 = Release|Any CPU
	EndGlobalSection
	GlobalSection(SolutionProperties) = preSolution
		HideSolutionNode = FALSE
	EndGlobalSection
	GlobalSection(ExtensibilityGlobals) = postSolution
		SolutionGuid = {7CB97A71-DF82-4EE4-A306-9887F23DF693}
	EndGlobalSection
EndGlobal
