
Microsoft Visual Studio Solution File, Format Version 12.00
# Visual Studio Version 17
VisualStudioVersion = 17.13.35818.85 d17.13
MinimumVisualStudioVersion = 10.0.40219.1
Project("{FAE04EC0-301F-11D3-BF4B-00C04F79EFBC}") = "Bookstorewebapp", "Bookstorewebapp.csproj", "{258147EB-39AC-4FB8-8B78-5EA840B2361B}"
EndProject
Global
	GlobalSection(SolutionConfigurationPlatforms) = preSolution
		Debug|Any CPU = Debug|Any CPU
		Release|Any CPU = Release|Any CPU
	EndGlobalSection
	GlobalSection(ProjectConfigurationPlatforms) = postSolution
		{258147EB-39AC-4FB8-8B78-5EA840B2361B}.Debug|Any CPU.ActiveCfg = Debug|Any CPU
		{258147EB-39AC-4FB8-8B78-5EA840B2361B}.Debug|Any CPU.Build.0 = Debug|Any CPU
		{258147EB-39AC-4FB8-8B78-5EA840B2361B}.Release|Any CPU.ActiveCfg = Release|Any CPU
		{258147EB-39AC-4FB8-8B78-5EA840B2361B}.Release|Any CPU.Build.0 = Release|Any CPU
	EndGlobalSection
	GlobalSection(SolutionProperties) = preSolution
		HideSolutionNode = FALSE
	EndGlobalSection
	GlobalSection(ExtensibilityGlobals) = postSolution
		SolutionGuid = {BC3C37D9-787E-4A99-9264-4B9072E177D9}
	EndGlobalSection
EndGlobal
