
Microsoft Visual Studio Solution File, Format Version 12.00
# Visual Studio Version 17
VisualStudioVersion = 17.13.35818.85 d17.13
MinimumVisualStudioVersion = 10.0.40219.1
Project("{FAE04EC0-301F-11D3-BF4B-00C04F79EFBC}") = "assignment_swap", "assignment_swap.csproj", "{2A201148-F169-423B-AD03-DC113192BA36}"
EndProject
Global
	GlobalSection(SolutionConfigurationPlatforms) = preSolution
		Debug|Any CPU = Debug|Any CPU
		Release|Any CPU = Release|Any CPU
	EndGlobalSection
	GlobalSection(ProjectConfigurationPlatforms) = postSolution
		{2A201148-F169-423B-AD03-DC113192BA36}.Debug|Any CPU.ActiveCfg = Debug|Any CPU
		{2A201148-F169-423B-AD03-DC113192BA36}.Debug|Any CPU.Build.0 = Debug|Any CPU
		{2A201148-F169-423B-AD03-DC113192BA36}.Release|Any CPU.ActiveCfg = Release|Any CPU
		{2A201148-F169-423B-AD03-DC113192BA36}.Release|Any CPU.Build.0 = Release|Any CPU
	EndGlobalSection
	GlobalSection(SolutionProperties) = preSolution
		HideSolutionNode = FALSE
	EndGlobalSection
	GlobalSection(ExtensibilityGlobals) = postSolution
		SolutionGuid = {FF866439-8ED8-4F74-BF4C-AF1F46F7131C}
	EndGlobalSection
EndGlobal
