
Microsoft Visual Studio Solution File, Format Version 12.00
# Visual Studio Version 17
VisualStudioVersion = 17.13.35818.85 d17.13
MinimumVisualStudioVersion = 10.0.40219.1
Project("{FAE04EC0-301F-11D3-BF4B-00C04F79EFBC}") = "samplewebapplication", "samplewebapplication.csproj", "{5EBF02E9-C9CB-46BD-9A7F-1EF8583E31CC}"
EndProject
Global
	GlobalSection(SolutionConfigurationPlatforms) = preSolution
		Debug|Any CPU = Debug|Any CPU
		Release|Any CPU = Release|Any CPU
	EndGlobalSection
	GlobalSection(ProjectConfigurationPlatforms) = postSolution
		{5EBF02E9-C9CB-46BD-9A7F-1EF8583E31CC}.Debug|Any CPU.ActiveCfg = Debug|Any CPU
		{5EBF02E9-C9CB-46BD-9A7F-1EF8583E31CC}.Debug|Any CPU.Build.0 = Debug|Any CPU
		{5EBF02E9-C9CB-46BD-9A7F-1EF8583E31CC}.Release|Any CPU.ActiveCfg = Release|Any CPU
		{5EBF02E9-C9CB-46BD-9A7F-1EF8583E31CC}.Release|Any CPU.Build.0 = Release|Any CPU
	EndGlobalSection
	GlobalSection(SolutionProperties) = preSolution
		HideSolutionNode = FALSE
	EndGlobalSection
	GlobalSection(ExtensibilityGlobals) = postSolution
		SolutionGuid = {08F9CC37-39A4-4B5F-8724-D62FF66E26BA}
	EndGlobalSection
EndGlobal
