
Microsoft Visual Studio Solution File, Format Version 12.00
# Visual Studio Version 17
VisualStudioVersion = 17.13.35818.85 d17.13
MinimumVisualStudioVersion = 10.0.40219.1
Project("{FAE04EC0-301F-11D3-BF4B-00C04F79EFBC}") = "assignment5_3", "assignment5_3.csproj", "{5DDAE8C6-B429-4002-BEAA-0286C89FD853}"
EndProject
Global
	GlobalSection(SolutionConfigurationPlatforms) = preSolution
		Debug|Any CPU = Debug|Any CPU
		Release|Any CPU = Release|Any CPU
	EndGlobalSection
	GlobalSection(ProjectConfigurationPlatforms) = postSolution
		{5DDAE8C6-B429-4002-BEAA-0286C89FD853}.Debug|Any CPU.ActiveCfg = Debug|Any CPU
		{5DDAE8C6-B429-4002-BEAA-0286C89FD853}.Debug|Any CPU.Build.0 = Debug|Any CPU
		{5DDAE8C6-B429-4002-BEAA-0286C89FD853}.Release|Any CPU.ActiveCfg = Release|Any CPU
		{5DDAE8C6-B429-4002-BEAA-0286C89FD853}.Release|Any CPU.Build.0 = Release|Any CPU
	EndGlobalSection
	GlobalSection(SolutionProperties) = preSolution
		HideSolutionNode = FALSE
	EndGlobalSection
	GlobalSection(ExtensibilityGlobals) = postSolution
		SolutionGuid = {86ABBB9D-DC97-4FB8-B059-B086A8A4E444}
	EndGlobalSection
EndGlobal
